
Microsoft Visual Studio Solution File, Format Version 12.00
# Visual Studio 14
VisualStudioVersion = 14.0.25420.1
MinimumVisualStudioVersion = 10.0.40219.1
Project("{FAE04EC0-301F-11D3-BF4B-00C04F79EFBC}") = "Scraper", "Scraper\Scraper.csproj", "{654774F5-3A54-44A9-936C-48827C1C8134}"
EndProject
Global
	GlobalSection(SolutionConfigurationPlatforms) = preSolution
		Debug|Any CPU = Debug|Any CPU
		Release|Any CPU = Release|Any CPU
	EndGlobalSection
	GlobalSection(ProjectConfigurationPlatforms) = postSolution
		{654774F5-3A54-44A9-936C-48827C1C8134}.Debug|Any CPU.ActiveCfg = Debug|Any CPU
		{654774F5-3A54-44A9-936C-48827C1C8134}.Debug|Any CPU.Build.0 = Debug|Any CPU
		{654774F5-3A54-44A9-936C-48827C1C8134}.Release|Any CPU.ActiveCfg = Release|Any CPU
		{654774F5-3A54-44A9-936C-48827C1C8134}.Release|Any CPU.Build.0 = Release|Any CPU
	EndGlobalSection
	GlobalSection(SolutionProperties) = preSolution
		HideSolutionNode = FALSE
	EndGlobalSection
EndGlobal
